
Microsoft Visual Studio Solution File, Format Version 12.00
# Visual Studio Version 16
VisualStudioVersion = 16.0.31729.503
MinimumVisualStudioVersion = 10.0.40219.1
Project("{9A19103F-16F7-4668-BE54-9A1E7A4F7556}") = "menshakov01", "menshakov01\menshakov01.csproj", "{86B660FF-8CB0-4DD4-8403-2962E17A9C2F}"
EndProject
Project("{FAE04EC0-301F-11D3-BF4B-00C04F79EFBC}") = "menshakov02", "menshakov02\menshakov02.csproj", "{464A36C0-92B0-4950-9EEE-0EFD2E963A9E}"
EndProject
Global
	GlobalSection(SolutionConfigurationPlatforms) = preSolution
		Debug|Any CPU = Debug|Any CPU
		Release|Any CPU = Release|Any CPU
	EndGlobalSection
	GlobalSection(ProjectConfigurationPlatforms) = postSolution
		{86B660FF-8CB0-4DD4-8403-2962E17A9C2F}.Debug|Any CPU.ActiveCfg = Debug|Any CPU
		{86B660FF-8CB0-4DD4-8403-2962E17A9C2F}.Debug|Any CPU.Build.0 = Debug|Any CPU
		{86B660FF-8CB0-4DD4-8403-2962E17A9C2F}.Release|Any CPU.ActiveCfg = Release|Any CPU
		{86B660FF-8CB0-4DD4-8403-2962E17A9C2F}.Release|Any CPU.Build.0 = Release|Any CPU
		{464A36C0-92B0-4950-9EEE-0EFD2E963A9E}.Debug|Any CPU.ActiveCfg = Debug|Any CPU
		{464A36C0-92B0-4950-9EEE-0EFD2E963A9E}.Debug|Any CPU.Build.0 = Debug|Any CPU
		{464A36C0-92B0-4950-9EEE-0EFD2E963A9E}.Release|Any CPU.ActiveCfg = Release|Any CPU
		{464A36C0-92B0-4950-9EEE-0EFD2E963A9E}.Release|Any CPU.Build.0 = Release|Any CPU
	EndGlobalSection
	GlobalSection(SolutionProperties) = preSolution
		HideSolutionNode = FALSE
	EndGlobalSection
	GlobalSection(ExtensibilityGlobals) = postSolution
		SolutionGuid = {6E1E7791-39A7-4EAF-A743-2B63190303FE}
	EndGlobalSection
EndGlobal
